{
  "requires": true,
  "lockfileVersion": 1,
  "dependencies": {
    "classlist": {
      "version": "2.0.0",
      "resolved": "https://registry.npmjs.org/classlist/-/classlist-2.0.0.tgz",
      "integrity": "sha512-u8w9pd3kGZsy2M2NkN01lZA/ykQi0AkopSgQN9Un+7gvieggGzyR5G+19ggedCLLQ5D/eIo/FrP+1b8f7lp04Q=="
    }
  }
}
